
Microsoft Visual Studio Solution File, Format Version 12.00
# Visual Studio Version 17
VisualStudioVersion = 17.9.34728.123
MinimumVisualStudioVersion = 10.0.40219.1
Project("{FAE04EC0-301F-11D3-BF4B-00C04F79EFBC}") = "Students", "Students\Students.csproj", "{C6A089C1-A115-4810-B3DB-3F50DC5DEB82}"
EndProject
Global
	GlobalSection(SolutionConfigurationPlatforms) = preSolution
		Debug|Any CPU = Debug|Any CPU
		Release|Any CPU = Release|Any CPU
	EndGlobalSection
	GlobalSection(ProjectConfigurationPlatforms) = postSolution
		{C6A089C1-A115-4810-B3DB-3F50DC5DEB82}.Debug|Any CPU.ActiveCfg = Debug|Any CPU
		{C6A089C1-A115-4810-B3DB-3F50DC5DEB82}.Debug|Any CPU.Build.0 = Debug|Any CPU
		{C6A089C1-A115-4810-B3DB-3F50DC5DEB82}.Release|Any CPU.ActiveCfg = Release|Any CPU
		{C6A089C1-A115-4810-B3DB-3F50DC5DEB82}.Release|Any CPU.Build.0 = Release|Any CPU
	EndGlobalSection
	GlobalSection(SolutionProperties) = preSolution
		HideSolutionNode = FALSE
	EndGlobalSection
	GlobalSection(ExtensibilityGlobals) = postSolution
		SolutionGuid = {67E00C46-8476-4F5A-BAE2-E3F24D7F020C}
	EndGlobalSection
EndGlobal
